
Microsoft Visual Studio Solution File, Format Version 12.00
# Visual Studio Version 17
VisualStudioVersion = 17.14.36414.22 d17.14
MinimumVisualStudioVersion = 10.0.40219.1
Project("{FAE04EC0-301F-11D3-BF4B-00C04F79EFBC}") = "EvilOctane.SourceGenerators", "EvilOctane.SourceGenerators\EvilOctane.SourceGenerators.csproj", "{EBF5DE7E-9FAF-4E59-9188-6BB0022F6538}"
EndProject
Global
	GlobalSection(SolutionConfigurationPlatforms) = preSolution
		Debug|Any CPU = Debug|Any CPU
		Release|Any CPU = Release|Any CPU
	EndGlobalSection
	GlobalSection(ProjectConfigurationPlatforms) = postSolution
		{EBF5DE7E-9FAF-4E59-9188-6BB0022F6538}.Debug|Any CPU.ActiveCfg = Debug|Any CPU
		{EBF5DE7E-9FAF-4E59-9188-6BB0022F6538}.Debug|Any CPU.Build.0 = Debug|Any CPU
		{EBF5DE7E-9FAF-4E59-9188-6BB0022F6538}.Release|Any CPU.ActiveCfg = Release|Any CPU
		{EBF5DE7E-9FAF-4E59-9188-6BB0022F6538}.Release|Any CPU.Build.0 = Release|Any CPU
	EndGlobalSection
	GlobalSection(SolutionProperties) = preSolution
		HideSolutionNode = FALSE
	EndGlobalSection
	GlobalSection(ExtensibilityGlobals) = postSolution
		SolutionGuid = {AA7A3E2C-11E4-4C76-A2B2-C40B48274878}
	EndGlobalSection
EndGlobal
